
Microsoft Visual Studio Solution File, Format Version 12.00
# Visual Studio 15
VisualStudioVersion = 15.0.26403.7
MinimumVisualStudioVersion = 10.0.40219.1
Project("{2150E333-8FDC-42A3-9474-1A3956D46DE8}") = "KingCore", "KingCore", "{21147890-34F4-4B2B-B3A4-73EEE2BA5B43}"
EndProject
Project("{2150E333-8FDC-42A3-9474-1A3956D46DE8}") = "Modular", "Modular", "{638DF0BA-70DC-464D-B18D-2CC1E3E41181}"
EndProject
Project("{9A19103F-16F7-4668-BE54-9A1E7A4F7556}") = "Microsoft.AspNetCore.Modules.Abstractions", "src\KingCore\Modular\Microsoft.AspNetCore.Modules.Abstractions\Microsoft.AspNetCore.Modules.Abstractions.csproj", "{8067D267-0066-4217-BFE9-18763573078B}"
EndProject
Project("{9A19103F-16F7-4668-BE54-9A1E7A4F7556}") = "King.DeferredTasks.Abstractions", "src\KingCore\King.DeferredTasks.Abstractions\King.DeferredTasks.Abstractions.csproj", "{A7012BE4-6CDE-48BA-BC88-ECEDF5ECD7D0}"
EndProject
Project("{9A19103F-16F7-4668-BE54-9A1E7A4F7556}") = "King.DeferredTasks", "src\KingCore\King.DeferredTasks\King.DeferredTasks.csproj", "{C119C3EF-2A23-43C0-9A17-FA9AC36A4E4A}"
EndProject
Project("{2150E333-8FDC-42A3-9474-1A3956D46DE8}") = "Environment", "Environment", "{59B73FDD-E4B3-432F-8A6E-E7CC081BA8F5}"
EndProject
Project("{9A19103F-16F7-4668-BE54-9A1E7A4F7556}") = "King.Environment.Shell.Abstractions", "src\KingCore\Environment\King.Environment.Shell.Abstractions\King.Environment.Shell.Abstractions.csproj", "{19D0C679-01C1-4956-A900-189B2091148F}"
EndProject
Project("{9A19103F-16F7-4668-BE54-9A1E7A4F7556}") = "King.Environment.Extensions.Abstractions", "src\KingCore\Environment\King.Environment.Extensions.Abstractions\King.Environment.Extensions.Abstractions.csproj", "{3C891CF6-5E3C-4FB1-B18B-51830CF374D7}"
EndProject
Project("{9A19103F-16F7-4668-BE54-9A1E7A4F7556}") = "King.Events", "src\KingCore\King.Events\King.Events.csproj", "{CA22B085-F886-4B2B-A696-8EA46EDF15A9}"
EndProject
Project("{9A19103F-16F7-4668-BE54-9A1E7A4F7556}") = "Microsoft.AspNetCore.Modules", "src\KingCore\Modular\Microsoft.AspNetCore.Modules\Microsoft.AspNetCore.Modules.csproj", "{5D810BD3-2101-4854-A3BB-D82622A991E8}"
EndProject
Project("{9A19103F-16F7-4668-BE54-9A1E7A4F7556}") = "King.Environment.Shell", "src\KingCore\Environment\King.Environment.Shell\King.Environment.Shell.csproj", "{1DE2302E-3216-49C0-846E-5B3687F474D6}"
EndProject
Project("{9A19103F-16F7-4668-BE54-9A1E7A4F7556}") = "King.Parser.Yaml", "src\KingCore\King.Parser.Yaml\King.Parser.Yaml.csproj", "{F09864AB-1DFD-4183-B289-6D904BFF2B09}"
EndProject
Project("{9A19103F-16F7-4668-BE54-9A1E7A4F7556}") = "King.Environment.Extensions", "src\KingCore\Environment\King.Environment.Extensions\King.Environment.Extensions.csproj", "{6BAF77CD-1E3E-4BB9-8DE1-F748290299F1}"
EndProject
Project("{9A19103F-16F7-4668-BE54-9A1E7A4F7556}") = "King.Environment.Cache.Abstractions", "src\KingCore\Environment\King.Environment.Cache.Abstractions\King.Environment.Cache.Abstractions.csproj", "{AA623A5A-1967-4EE6-9EA6-64E59F5480B3}"
EndProject
Project("{9A19103F-16F7-4668-BE54-9A1E7A4F7556}") = "King.Environment.Cache", "src\KingCore\Environment\King.Environment.Cache\King.Environment.Cache.csproj", "{2CEC5278-4937-40E3-9CFF-C4C1D3AB6DEB}"
EndProject
Project("{9A19103F-16F7-4668-BE54-9A1E7A4F7556}") = "King.Environment.Commands", "src\KingCore\Environment\King.Environment.Commands\King.Environment.Commands.csproj", "{8A7B9539-DB4B-4A3E-9D16-88569F7CB547}"
EndProject
Project("{9A19103F-16F7-4668-BE54-9A1E7A4F7556}") = "King.Environment.Navigation", "src\KingCore\Environment\King.Environment.Navigation\King.Environment.Navigation.csproj", "{ACCE41F9-65F9-4BC0-B990-828DD347D3ED}"
EndProject
Project("{9A19103F-16F7-4668-BE54-9A1E7A4F7556}") = "King.Security", "src\KingCore\King.Security\King.Security.csproj", "{721F369C-D93F-480F-9CD6-8DC90E71481F}"
EndProject
Project("{9A19103F-16F7-4668-BE54-9A1E7A4F7556}") = "King.Security.Abstractions", "src\KingCore\King.Security.Abstractions\King.Security.Abstractions.csproj", "{64212679-B999-409F-BC95-89B21D66D202}"
EndProject
Project("{9A19103F-16F7-4668-BE54-9A1E7A4F7556}") = "King.Mvc.Abstractions", "src\KingCore\King.Mvc.Abstractions\King.Mvc.Abstractions.csproj", "{F1F17206-C78F-4F58-9A6C-B7269677ECF3}"
EndProject
Project("{9A19103F-16F7-4668-BE54-9A1E7A4F7556}") = "King.Environment.Shell.Data", "src\KingCore\Environment\King.Environment.Shell.Data\King.Environment.Shell.Data.csproj", "{F45C0628-749B-46D1-B3A8-BE232F91DE1E}"
EndProject
Project("{9A19103F-16F7-4668-BE54-9A1E7A4F7556}") = "King.Data.Abstractions", "src\KingCore\King.Data.Abstractions\King.Data.Abstractions.csproj", "{D46F9507-E102-4869-A319-9867C51AADC5}"
EndProject
Project("{9A19103F-16F7-4668-BE54-9A1E7A4F7556}") = "King.Data", "src\KingCore\King.Data\King.Data.csproj", "{86770222-1355-4A8B-BB8E-086ABF5DC1A8}"
EndProject
Global
	GlobalSection(SolutionConfigurationPlatforms) = preSolution
		Debug|Any CPU = Debug|Any CPU
		Release|Any CPU = Release|Any CPU
	EndGlobalSection
	GlobalSection(ProjectConfigurationPlatforms) = postSolution
		{8067D267-0066-4217-BFE9-18763573078B}.Debug|Any CPU.ActiveCfg = Debug|Any CPU
		{8067D267-0066-4217-BFE9-18763573078B}.Debug|Any CPU.Build.0 = Debug|Any CPU
		{8067D267-0066-4217-BFE9-18763573078B}.Release|Any CPU.ActiveCfg = Release|Any CPU
		{8067D267-0066-4217-BFE9-18763573078B}.Release|Any CPU.Build.0 = Release|Any CPU
		{A7012BE4-6CDE-48BA-BC88-ECEDF5ECD7D0}.Debug|Any CPU.ActiveCfg = Debug|Any CPU
		{A7012BE4-6CDE-48BA-BC88-ECEDF5ECD7D0}.Debug|Any CPU.Build.0 = Debug|Any CPU
		{A7012BE4-6CDE-48BA-BC88-ECEDF5ECD7D0}.Release|Any CPU.ActiveCfg = Release|Any CPU
		{A7012BE4-6CDE-48BA-BC88-ECEDF5ECD7D0}.Release|Any CPU.Build.0 = Release|Any CPU
		{C119C3EF-2A23-43C0-9A17-FA9AC36A4E4A}.Debug|Any CPU.ActiveCfg = Debug|Any CPU
		{C119C3EF-2A23-43C0-9A17-FA9AC36A4E4A}.Debug|Any CPU.Build.0 = Debug|Any CPU
		{C119C3EF-2A23-43C0-9A17-FA9AC36A4E4A}.Release|Any CPU.ActiveCfg = Release|Any CPU
		{C119C3EF-2A23-43C0-9A17-FA9AC36A4E4A}.Release|Any CPU.Build.0 = Release|Any CPU
		{19D0C679-01C1-4956-A900-189B2091148F}.Debug|Any CPU.ActiveCfg = Debug|Any CPU
		{19D0C679-01C1-4956-A900-189B2091148F}.Debug|Any CPU.Build.0 = Debug|Any CPU
		{19D0C679-01C1-4956-A900-189B2091148F}.Release|Any CPU.ActiveCfg = Release|Any CPU
		{19D0C679-01C1-4956-A900-189B2091148F}.Release|Any CPU.Build.0 = Release|Any CPU
		{3C891CF6-5E3C-4FB1-B18B-51830CF374D7}.Debug|Any CPU.ActiveCfg = Debug|Any CPU
		{3C891CF6-5E3C-4FB1-B18B-51830CF374D7}.Debug|Any CPU.Build.0 = Debug|Any CPU
		{3C891CF6-5E3C-4FB1-B18B-51830CF374D7}.Release|Any CPU.ActiveCfg = Release|Any CPU
		{3C891CF6-5E3C-4FB1-B18B-51830CF374D7}.Release|Any CPU.Build.0 = Release|Any CPU
		{CA22B085-F886-4B2B-A696-8EA46EDF15A9}.Debug|Any CPU.ActiveCfg = Debug|Any CPU
		{CA22B085-F886-4B2B-A696-8EA46EDF15A9}.Debug|Any CPU.Build.0 = Debug|Any CPU
		{CA22B085-F886-4B2B-A696-8EA46EDF15A9}.Release|Any CPU.ActiveCfg = Release|Any CPU
		{CA22B085-F886-4B2B-A696-8EA46EDF15A9}.Release|Any CPU.Build.0 = Release|Any CPU
		{5D810BD3-2101-4854-A3BB-D82622A991E8}.Debug|Any CPU.ActiveCfg = Debug|Any CPU
		{5D810BD3-2101-4854-A3BB-D82622A991E8}.Debug|Any CPU.Build.0 = Debug|Any CPU
		{5D810BD3-2101-4854-A3BB-D82622A991E8}.Release|Any CPU.ActiveCfg = Release|Any CPU
		{5D810BD3-2101-4854-A3BB-D82622A991E8}.Release|Any CPU.Build.0 = Release|Any CPU
		{1DE2302E-3216-49C0-846E-5B3687F474D6}.Debug|Any CPU.ActiveCfg = Debug|Any CPU
		{1DE2302E-3216-49C0-846E-5B3687F474D6}.Debug|Any CPU.Build.0 = Debug|Any CPU
		{1DE2302E-3216-49C0-846E-5B3687F474D6}.Release|Any CPU.ActiveCfg = Release|Any CPU
		{1DE2302E-3216-49C0-846E-5B3687F474D6}.Release|Any CPU.Build.0 = Release|Any CPU
		{F09864AB-1DFD-4183-B289-6D904BFF2B09}.Debug|Any CPU.ActiveCfg = Debug|Any CPU
		{F09864AB-1DFD-4183-B289-6D904BFF2B09}.Debug|Any CPU.Build.0 = Debug|Any CPU
		{F09864AB-1DFD-4183-B289-6D904BFF2B09}.Release|Any CPU.ActiveCfg = Release|Any CPU
		{F09864AB-1DFD-4183-B289-6D904BFF2B09}.Release|Any CPU.Build.0 = Release|Any CPU
		{6BAF77CD-1E3E-4BB9-8DE1-F748290299F1}.Debug|Any CPU.ActiveCfg = Debug|Any CPU
		{6BAF77CD-1E3E-4BB9-8DE1-F748290299F1}.Debug|Any CPU.Build.0 = Debug|Any CPU
		{6BAF77CD-1E3E-4BB9-8DE1-F748290299F1}.Release|Any CPU.ActiveCfg = Release|Any CPU
		{6BAF77CD-1E3E-4BB9-8DE1-F748290299F1}.Release|Any CPU.Build.0 = Release|Any CPU
		{AA623A5A-1967-4EE6-9EA6-64E59F5480B3}.Debug|Any CPU.ActiveCfg = Debug|Any CPU
		{AA623A5A-1967-4EE6-9EA6-64E59F5480B3}.Debug|Any CPU.Build.0 = Debug|Any CPU
		{AA623A5A-1967-4EE6-9EA6-64E59F5480B3}.Release|Any CPU.ActiveCfg = Release|Any CPU
		{AA623A5A-1967-4EE6-9EA6-64E59F5480B3}.Release|Any CPU.Build.0 = Release|Any CPU
		{2CEC5278-4937-40E3-9CFF-C4C1D3AB6DEB}.Debug|Any CPU.ActiveCfg = Debug|Any CPU
		{2CEC5278-4937-40E3-9CFF-C4C1D3AB6DEB}.Debug|Any CPU.Build.0 = Debug|Any CPU
		{2CEC5278-4937-40E3-9CFF-C4C1D3AB6DEB}.Release|Any CPU.ActiveCfg = Release|Any CPU
		{2CEC5278-4937-40E3-9CFF-C4C1D3AB6DEB}.Release|Any CPU.Build.0 = Release|Any CPU
		{8A7B9539-DB4B-4A3E-9D16-88569F7CB547}.Debug|Any CPU.ActiveCfg = Debug|Any CPU
		{8A7B9539-DB4B-4A3E-9D16-88569F7CB547}.Debug|Any CPU.Build.0 = Debug|Any CPU
		{8A7B9539-DB4B-4A3E-9D16-88569F7CB547}.Release|Any CPU.ActiveCfg = Release|Any CPU
		{8A7B9539-DB4B-4A3E-9D16-88569F7CB547}.Release|Any CPU.Build.0 = Release|Any CPU
		{ACCE41F9-65F9-4BC0-B990-828DD347D3ED}.Debug|Any CPU.ActiveCfg = Debug|Any CPU
		{ACCE41F9-65F9-4BC0-B990-828DD347D3ED}.Debug|Any CPU.Build.0 = Debug|Any CPU
		{ACCE41F9-65F9-4BC0-B990-828DD347D3ED}.Release|Any CPU.ActiveCfg = Release|Any CPU
		{ACCE41F9-65F9-4BC0-B990-828DD347D3ED}.Release|Any CPU.Build.0 = Release|Any CPU
		{721F369C-D93F-480F-9CD6-8DC90E71481F}.Debug|Any CPU.ActiveCfg = Debug|Any CPU
		{721F369C-D93F-480F-9CD6-8DC90E71481F}.Debug|Any CPU.Build.0 = Debug|Any CPU
		{721F369C-D93F-480F-9CD6-8DC90E71481F}.Release|Any CPU.ActiveCfg = Release|Any CPU
		{721F369C-D93F-480F-9CD6-8DC90E71481F}.Release|Any CPU.Build.0 = Release|Any CPU
		{64212679-B999-409F-BC95-89B21D66D202}.Debug|Any CPU.ActiveCfg = Debug|Any CPU
		{64212679-B999-409F-BC95-89B21D66D202}.Debug|Any CPU.Build.0 = Debug|Any CPU
		{64212679-B999-409F-BC95-89B21D66D202}.Release|Any CPU.ActiveCfg = Release|Any CPU
		{64212679-B999-409F-BC95-89B21D66D202}.Release|Any CPU.Build.0 = Release|Any CPU
		{F1F17206-C78F-4F58-9A6C-B7269677ECF3}.Debug|Any CPU.ActiveCfg = Debug|Any CPU
		{F1F17206-C78F-4F58-9A6C-B7269677ECF3}.Debug|Any CPU.Build.0 = Debug|Any CPU
		{F1F17206-C78F-4F58-9A6C-B7269677ECF3}.Release|Any CPU.ActiveCfg = Release|Any CPU
		{F1F17206-C78F-4F58-9A6C-B7269677ECF3}.Release|Any CPU.Build.0 = Release|Any CPU
		{F45C0628-749B-46D1-B3A8-BE232F91DE1E}.Debug|Any CPU.ActiveCfg = Debug|Any CPU
		{F45C0628-749B-46D1-B3A8-BE232F91DE1E}.Debug|Any CPU.Build.0 = Debug|Any CPU
		{F45C0628-749B-46D1-B3A8-BE232F91DE1E}.Release|Any CPU.ActiveCfg = Release|Any CPU
		{F45C0628-749B-46D1-B3A8-BE232F91DE1E}.Release|Any CPU.Build.0 = Release|Any CPU
		{D46F9507-E102-4869-A319-9867C51AADC5}.Debug|Any CPU.ActiveCfg = Debug|Any CPU
		{D46F9507-E102-4869-A319-9867C51AADC5}.Debug|Any CPU.Build.0 = Debug|Any CPU
		{D46F9507-E102-4869-A319-9867C51AADC5}.Release|Any CPU.ActiveCfg = Release|Any CPU
		{D46F9507-E102-4869-A319-9867C51AADC5}.Release|Any CPU.Build.0 = Release|Any CPU
		{86770222-1355-4A8B-BB8E-086ABF5DC1A8}.Debug|Any CPU.ActiveCfg = Debug|Any CPU
		{86770222-1355-4A8B-BB8E-086ABF5DC1A8}.Debug|Any CPU.Build.0 = Debug|Any CPU
		{86770222-1355-4A8B-BB8E-086ABF5DC1A8}.Release|Any CPU.ActiveCfg = Release|Any CPU
		{86770222-1355-4A8B-BB8E-086ABF5DC1A8}.Release|Any CPU.Build.0 = Release|Any CPU
	EndGlobalSection
	GlobalSection(SolutionProperties) = preSolution
		HideSolutionNode = FALSE
	EndGlobalSection
	GlobalSection(NestedProjects) = preSolution
		{638DF0BA-70DC-464D-B18D-2CC1E3E41181} = {21147890-34F4-4B2B-B3A4-73EEE2BA5B43}
		{8067D267-0066-4217-BFE9-18763573078B} = {638DF0BA-70DC-464D-B18D-2CC1E3E41181}
		{A7012BE4-6CDE-48BA-BC88-ECEDF5ECD7D0} = {21147890-34F4-4B2B-B3A4-73EEE2BA5B43}
		{C119C3EF-2A23-43C0-9A17-FA9AC36A4E4A} = {21147890-34F4-4B2B-B3A4-73EEE2BA5B43}
		{59B73FDD-E4B3-432F-8A6E-E7CC081BA8F5} = {21147890-34F4-4B2B-B3A4-73EEE2BA5B43}
		{19D0C679-01C1-4956-A900-189B2091148F} = {59B73FDD-E4B3-432F-8A6E-E7CC081BA8F5}
		{3C891CF6-5E3C-4FB1-B18B-51830CF374D7} = {59B73FDD-E4B3-432F-8A6E-E7CC081BA8F5}
		{CA22B085-F886-4B2B-A696-8EA46EDF15A9} = {21147890-34F4-4B2B-B3A4-73EEE2BA5B43}
		{5D810BD3-2101-4854-A3BB-D82622A991E8} = {638DF0BA-70DC-464D-B18D-2CC1E3E41181}
		{1DE2302E-3216-49C0-846E-5B3687F474D6} = {59B73FDD-E4B3-432F-8A6E-E7CC081BA8F5}
		{F09864AB-1DFD-4183-B289-6D904BFF2B09} = {21147890-34F4-4B2B-B3A4-73EEE2BA5B43}
		{6BAF77CD-1E3E-4BB9-8DE1-F748290299F1} = {59B73FDD-E4B3-432F-8A6E-E7CC081BA8F5}
		{AA623A5A-1967-4EE6-9EA6-64E59F5480B3} = {59B73FDD-E4B3-432F-8A6E-E7CC081BA8F5}
		{2CEC5278-4937-40E3-9CFF-C4C1D3AB6DEB} = {59B73FDD-E4B3-432F-8A6E-E7CC081BA8F5}
		{8A7B9539-DB4B-4A3E-9D16-88569F7CB547} = {59B73FDD-E4B3-432F-8A6E-E7CC081BA8F5}
		{ACCE41F9-65F9-4BC0-B990-828DD347D3ED} = {59B73FDD-E4B3-432F-8A6E-E7CC081BA8F5}
		{721F369C-D93F-480F-9CD6-8DC90E71481F} = {21147890-34F4-4B2B-B3A4-73EEE2BA5B43}
		{64212679-B999-409F-BC95-89B21D66D202} = {21147890-34F4-4B2B-B3A4-73EEE2BA5B43}
		{F1F17206-C78F-4F58-9A6C-B7269677ECF3} = {21147890-34F4-4B2B-B3A4-73EEE2BA5B43}
		{F45C0628-749B-46D1-B3A8-BE232F91DE1E} = {59B73FDD-E4B3-432F-8A6E-E7CC081BA8F5}
		{D46F9507-E102-4869-A319-9867C51AADC5} = {21147890-34F4-4B2B-B3A4-73EEE2BA5B43}
		{86770222-1355-4A8B-BB8E-086ABF5DC1A8} = {21147890-34F4-4B2B-B3A4-73EEE2BA5B43}
	EndGlobalSection
EndGlobal
