
Microsoft Visual Studio Solution File, Format Version 12.00
# Visual Studio 15
VisualStudioVersion = 15.0.26403.7
MinimumVisualStudioVersion = 10.0.40219.1
Project("{2150E333-8FDC-42A3-9474-1A3956D46DE8}") = "KingCore", "KingCore", "{21147890-34F4-4B2B-B3A4-73EEE2BA5B43}"
EndProject
Project("{2150E333-8FDC-42A3-9474-1A3956D46DE8}") = "Modular", "Modular", "{638DF0BA-70DC-464D-B18D-2CC1E3E41181}"
EndProject
Project("{9A19103F-16F7-4668-BE54-9A1E7A4F7556}") = "Microsoft.AspNetCore.Modules.Abstractions", "src\KingCore\Modular\Microsoft.AspNetCore.Modules.Abstractions\Microsoft.AspNetCore.Modules.Abstractions.csproj", "{8067D267-0066-4217-BFE9-18763573078B}"
EndProject
Global
	GlobalSection(SolutionConfigurationPlatforms) = preSolution
		Debug|Any CPU = Debug|Any CPU
		Release|Any CPU = Release|Any CPU
	EndGlobalSection
	GlobalSection(ProjectConfigurationPlatforms) = postSolution
		{8067D267-0066-4217-BFE9-18763573078B}.Debug|Any CPU.ActiveCfg = Debug|Any CPU
		{8067D267-0066-4217-BFE9-18763573078B}.Debug|Any CPU.Build.0 = Debug|Any CPU
		{8067D267-0066-4217-BFE9-18763573078B}.Release|Any CPU.ActiveCfg = Release|Any CPU
		{8067D267-0066-4217-BFE9-18763573078B}.Release|Any CPU.Build.0 = Release|Any CPU
	EndGlobalSection
	GlobalSection(SolutionProperties) = preSolution
		HideSolutionNode = FALSE
	EndGlobalSection
	GlobalSection(NestedProjects) = preSolution
		{638DF0BA-70DC-464D-B18D-2CC1E3E41181} = {21147890-34F4-4B2B-B3A4-73EEE2BA5B43}
		{8067D267-0066-4217-BFE9-18763573078B} = {638DF0BA-70DC-464D-B18D-2CC1E3E41181}
	EndGlobalSection
EndGlobal
